
Microsoft Visual Studio Solution File, Format Version 12.00
# Visual Studio Version 16
VisualStudioVersion = 16.0.30804.86
MinimumVisualStudioVersion = 10.0.40219.1
Project("{FAE04EC0-301F-11D3-BF4B-00C04F79EFBC}") = "demowebappQ", "demowebappQ\demowebappQ.csproj", "{FC8BAEE5-A5D6-4EF3-8FFA-7BB9342AB5A9}"
EndProject
Global
	GlobalSection(SolutionConfigurationPlatforms) = preSolution
		Debug|Any CPU = Debug|Any CPU
		Release|Any CPU = Release|Any CPU
	EndGlobalSection
	GlobalSection(ProjectConfigurationPlatforms) = postSolution
		{FC8BAEE5-A5D6-4EF3-8FFA-7BB9342AB5A9}.Debug|Any CPU.ActiveCfg = Debug|Any CPU
		{FC8BAEE5-A5D6-4EF3-8FFA-7BB9342AB5A9}.Debug|Any CPU.Build.0 = Debug|Any CPU
		{FC8BAEE5-A5D6-4EF3-8FFA-7BB9342AB5A9}.Release|Any CPU.ActiveCfg = Release|Any CPU
		{FC8BAEE5-A5D6-4EF3-8FFA-7BB9342AB5A9}.Release|Any CPU.Build.0 = Release|Any CPU
	EndGlobalSection
	GlobalSection(SolutionProperties) = preSolution
		HideSolutionNode = FALSE
	EndGlobalSection
	GlobalSection(ExtensibilityGlobals) = postSolution
		SolutionGuid = {FF8F1615-89A1-4A97-B956-5C3D8B74BFD2}
	EndGlobalSection
EndGlobal
